{
  "originHash" : "bd650986f274b703adb191211e1088ea47f0891be5e592b867c2d3ecb93142f6",
  "pins" : [
    {
      "identity" : "axswift",
      "kind" : "remoteSourceControl",
      "location" : "https://github.com/tisfeng/AXSwift.git",
      "state" : {
        "revision" : "2efa201fa18184de98674165592fd1ecb0c00a6d",
        "version" : "0.3.6"
      }
    },
    {
      "identity" : "fluidaudio",
      "kind" : "remoteSourceControl",
      "location" : "https://github.com/FluidInference/FluidAudio",
      "state" : {
        "revision" : "a402e327c942ac275e58615ca4a99ad2a8b5140e"
      }
    },
    {
      "identity" : "keyboardshortcuts",
      "kind" : "remoteSourceControl",
      "location" : "https://github.com/sindresorhus/KeyboardShortcuts",
      "state" : {
        "revision" : "1aef85578fdd4f9eaeeb8d53b7b4fc31bf08fe27",
        "version" : "2.4.0"
      }
    },
    {
      "identity" : "keysender",
      "kind" : "remoteSourceControl",
      "location" : "https://github.com/jordanbaird/KeySender",
      "state" : {
        "revision" : "99584bf1a03ab600cc44be89a2dcd98b2dbeb9de",
        "version" : "0.0.5"
      }
    },
    {
      "identity" : "launchatlogin-modern",
      "kind" : "remoteSourceControl",
      "location" : "https://github.com/sindresorhus/LaunchAtLogin-Modern",
      "state" : {
        "branch" : "main",
        "revision" : "a04ec1c363be3627734f6dad757d82f5d4fa8fcc"
      }
    },
    {
      "identity" : "mediaremote-adapter",
      "kind" : "remoteSourceControl",
      "location" : "https://github.com/ejbills/mediaremote-adapter",
      "state" : {
        "branch" : "master",
        "revision" : "78aae86c03adab11a7b352211cc82381737cf854"
      }
    },
    {
      "identity" : "onnxruntime-swift-package-manager",
      "kind" : "remoteSourceControl",
      "location" : "https://github.com/microsoft/onnxruntime-swift-package-manager",
      "state" : {
        "revision" : "12ce7374c86944e1f68f3a866d10105d8357f074",
        "version" : "1.20.0"
      }
    },
    {
      "identity" : "sparkle",
      "kind" : "remoteSourceControl",
      "location" : "https://github.com/sparkle-project/Sparkle",
      "state" : {
        "revision" : "5581748cef2bae787496fe6d61139aebe0a451f6",
        "version" : "2.8.1"
      }
    },
    {
      "identity" : "swift-atomics",
      "kind" : "remoteSourceControl",
      "location" : "https://github.com/apple/swift-atomics.git",
      "state" : {
        "revision" : "b601256eab081c0f92f059e12818ac1d4f178ff7",
        "version" : "1.3.0"
      }
    },
    {
      "identity" : "zip",
      "kind" : "remoteSourceControl",
      "location" : "https://github.com/marmelroy/Zip",
      "state" : {
        "revision" : "67fa55813b9e7b3b9acee9c0ae501def28746d76",
        "version" : "2.1.2"
      }
    }
  ],
  "version" : 3
}
